Microsoft Visual Studio Solution File, Format Version 12.00
# Visual Studio Version 16
VisualStudioVersion = 16.0.29814.53
MinimumVisualStudioVersion = 10.0.40219.1
Project("{9A19103F-16F7-4668-BE54-9A1E7A4F7556}") = "CfpExchange", "CfpExchange\CfpExchange.csproj", "{46D5AA8E-4FA3-4A74-966F-C8352F139941}"
EndProject
Project("{151D2E53-A2C4-4D7D-83FE-D05416EBD58E}") = "Deployment", "Deployment\Deployment.deployproj", "{70A09EDF-300B-4621-A336-0EE0F91FF64D}"
EndProject
Project("{9A19103F-16F7-4668-BE54-9A1E7A4F7556}") = "CfpExchange.Functions", "CfpExchange.Functions\CfpExchange.Functions.csproj", "{47B5CEEB-CE52-475C-9C27-68E7B8BD1CEE}"
EndProject
Project("{2150E333-8FDC-42A3-9474-1A3956D46DE8}") = "Solution items", "Solution items", "{461CF3AA-7C6A-46E9-BC38-D690C67C0059}"
	ProjectSection(SolutionItems) = preProject
		.editorconfig = .editorconfig
		.gitignore = .gitignore
		README.md = README.md
	EndProjectSection
EndProject
Project("{9A19103F-16F7-4668-BE54-9A1E7A4F7556}") = "CfpExchange.FunctionalTests", "CfpExchange.FunctionalTests\CfpExchange.FunctionalTests.csproj", "{16A3B296-3E87-4AB6-B17C-3CC89AB3F3BE}"
EndProject
Project("{9A19103F-16F7-4668-BE54-9A1E7A4F7556}") = "CfpExchange.UnitTests", "CfpExchange.Unittests\CfpExchange.UnitTests.csproj", "{41677218-A626-4C74-93DE-0463A8B3D57E}"
EndProject
Project("{9A19103F-16F7-4668-BE54-9A1E7A4F7556}") = "CfpExchange.Common", "CfpExchange.Common\CfpExchange.Common.csproj", "{660EB9E7-9826-4FEB-8B5F-86260EB2E06B}"
EndProject
Project("{2150E333-8FDC-42A3-9474-1A3956D46DE8}") = "CfpExchange.Tests", "CfpExchange.Tests", "{03358E35-CFE0-4912-9CB8-A39700179E3A}"
EndProject
Project("{2150E333-8FDC-42A3-9474-1A3956D46DE8}") = "Common", "Common", "{7EAC52BB-156D-43FF-8D29-117E6DD11FEA}"
EndProject
Project("{9A19103F-16F7-4668-BE54-9A1E7A4F7556}") = "CfpExchange.Common.Services", "CfpExchange.Common.Services\CfpExchange.Common.Services.csproj", "{EE94E5BC-852E-4A34-9CA8-B6855F4C7AC1}"
EndProject
Project("{9A19103F-16F7-4668-BE54-9A1E7A4F7556}") = "CfpExchange.Common.Services.UnitTests", "CfpExchange.Common.Services.UnitTests\CfpExchange.Common.Services.UnitTests.csproj", "{E15F564F-2CCC-4FA2-95C2-DEE6BEAD87FD}"
EndProject
Project("{FAE04EC0-301F-11D3-BF4B-00C04F79EFBC}") = "CfpExchange.Common.UnitTests", "CfpExchange.Common.UnitTests\CfpExchange.Common.UnitTests.csproj", "{FB1D5A8A-D116-4305-912D-C03C99482B2E}"
EndProject
Project("{FAE04EC0-301F-11D3-BF4B-00C04F79EFBC}") = "CfpExchange.Common.Data", "CfpExchange.Common.Data\CfpExchange.Common.Data.csproj", "{EDF93BE5-1D59-4FB5-9B6F-131D7E6A2AEB}"
EndProject
Global
	GlobalSection(SolutionConfigurationPlatforms) = preSolution
		Debug|Any CPU = Debug|Any CPU
		Release|Any CPU = Release|Any CPU
	EndGlobalSection
	GlobalSection(ProjectConfigurationPlatforms) = postSolution
		{46D5AA8E-4FA3-4A74-966F-C8352F139941}.Debug|Any CPU.ActiveCfg = Debug|Any CPU
		{46D5AA8E-4FA3-4A74-966F-C8352F139941}.Debug|Any CPU.Build.0 = Debug|Any CPU
		{46D5AA8E-4FA3-4A74-966F-C8352F139941}.Release|Any CPU.ActiveCfg = Release|Any CPU
		{46D5AA8E-4FA3-4A74-966F-C8352F139941}.Release|Any CPU.Build.0 = Release|Any CPU
		{70A09EDF-300B-4621-A336-0EE0F91FF64D}.Debug|Any CPU.ActiveCfg = Debug|Any CPU
		{70A09EDF-300B-4621-A336-0EE0F91FF64D}.Debug|Any CPU.Build.0 = Debug|Any CPU
		{70A09EDF-300B-4621-A336-0EE0F91FF64D}.Release|Any CPU.ActiveCfg = Release|Any CPU
		{70A09EDF-300B-4621-A336-0EE0F91FF64D}.Release|Any CPU.Build.0 = Release|Any CPU
		{47B5CEEB-CE52-475C-9C27-68E7B8BD1CEE}.Debug|Any CPU.ActiveCfg = Debug|Any CPU
		{47B5CEEB-CE52-475C-9C27-68E7B8BD1CEE}.Debug|Any CPU.Build.0 = Debug|Any CPU
		{47B5CEEB-CE52-475C-9C27-68E7B8BD1CEE}.Release|Any CPU.ActiveCfg = Release|Any CPU
		{47B5CEEB-CE52-475C-9C27-68E7B8BD1CEE}.Release|Any CPU.Build.0 = Release|Any CPU
		{16A3B296-3E87-4AB6-B17C-3CC89AB3F3BE}.Debug|Any CPU.ActiveCfg = Debug|Any CPU
		{16A3B296-3E87-4AB6-B17C-3CC89AB3F3BE}.Debug|Any CPU.Build.0 = Debug|Any CPU
		{16A3B296-3E87-4AB6-B17C-3CC89AB3F3BE}.Release|Any CPU.ActiveCfg = Release|Any CPU
		{16A3B296-3E87-4AB6-B17C-3CC89AB3F3BE}.Release|Any CPU.Build.0 = Release|Any CPU
		{41677218-A626-4C74-93DE-0463A8B3D57E}.Debug|Any CPU.ActiveCfg = Debug|Any CPU
		{41677218-A626-4C74-93DE-0463A8B3D57E}.Debug|Any CPU.Build.0 = Debug|Any CPU
		{41677218-A626-4C74-93DE-0463A8B3D57E}.Release|Any CPU.ActiveCfg = Release|Any CPU
		{41677218-A626-4C74-93DE-0463A8B3D57E}.Release|Any CPU.Build.0 = Release|Any CPU
		{660EB9E7-9826-4FEB-8B5F-86260EB2E06B}.Debug|Any CPU.ActiveCfg = Debug|Any CPU
		{660EB9E7-9826-4FEB-8B5F-86260EB2E06B}.Debug|Any CPU.Build.0 = Debug|Any CPU
		{660EB9E7-9826-4FEB-8B5F-86260EB2E06B}.Release|Any CPU.ActiveCfg = Release|Any CPU
		{660EB9E7-9826-4FEB-8B5F-86260EB2E06B}.Release|Any CPU.Build.0 = Release|Any CPU
		{EE94E5BC-852E-4A34-9CA8-B6855F4C7AC1}.Debug|Any CPU.ActiveCfg = Debug|Any CPU
		{EE94E5BC-852E-4A34-9CA8-B6855F4C7AC1}.Debug|Any CPU.Build.0 = Debug|Any CPU
		{EE94E5BC-852E-4A34-9CA8-B6855F4C7AC1}.Release|Any CPU.ActiveCfg = Release|Any CPU
		{EE94E5BC-852E-4A34-9CA8-B6855F4C7AC1}.Release|Any CPU.Build.0 = Release|Any CPU
		{E15F564F-2CCC-4FA2-95C2-DEE6BEAD87FD}.Debug|Any CPU.ActiveCfg = Debug|Any CPU
		{E15F564F-2CCC-4FA2-95C2-DEE6BEAD87FD}.Debug|Any CPU.Build.0 = Debug|Any CPU
		{E15F564F-2CCC-4FA2-95C2-DEE6BEAD87FD}.Release|Any CPU.ActiveCfg = Release|Any CPU
		{E15F564F-2CCC-4FA2-95C2-DEE6BEAD87FD}.Release|Any CPU.Build.0 = Release|Any CPU
		{FB1D5A8A-D116-4305-912D-C03C99482B2E}.Debug|Any CPU.ActiveCfg = Debug|Any CPU
		{FB1D5A8A-D116-4305-912D-C03C99482B2E}.Debug|Any CPU.Build.0 = Debug|Any CPU
		{FB1D5A8A-D116-4305-912D-C03C99482B2E}.Release|Any CPU.ActiveCfg = Release|Any CPU
		{FB1D5A8A-D116-4305-912D-C03C99482B2E}.Release|Any CPU.Build.0 = Release|Any CPU
		{EDF93BE5-1D59-4FB5-9B6F-131D7E6A2AEB}.Debug|Any CPU.ActiveCfg = Debug|Any CPU
		{EDF93BE5-1D59-4FB5-9B6F-131D7E6A2AEB}.Debug|Any CPU.Build.0 = Debug|Any CPU
		{EDF93BE5-1D59-4FB5-9B6F-131D7E6A2AEB}.Release|Any CPU.ActiveCfg = Release|Any CPU
		{EDF93BE5-1D59-4FB5-9B6F-131D7E6A2AEB}.Release|Any CPU.Build.0 = Release|Any CPU
	EndGlobalSection
	GlobalSection(SolutionProperties) = preSolution
		HideSolutionNode = FALSE
	EndGlobalSection
	GlobalSection(NestedProjects) = preSolution
		{16A3B296-3E87-4AB6-B17C-3CC89AB3F3BE} = {03358E35-CFE0-4912-9CB8-A39700179E3A}
		{41677218-A626-4C74-93DE-0463A8B3D57E} = {03358E35-CFE0-4912-9CB8-A39700179E3A}
		{660EB9E7-9826-4FEB-8B5F-86260EB2E06B} = {7EAC52BB-156D-43FF-8D29-117E6DD11FEA}
		{EE94E5BC-852E-4A34-9CA8-B6855F4C7AC1} = {7EAC52BB-156D-43FF-8D29-117E6DD11FEA}
		{E15F564F-2CCC-4FA2-95C2-DEE6BEAD87FD} = {03358E35-CFE0-4912-9CB8-A39700179E3A}
		{FB1D5A8A-D116-4305-912D-C03C99482B2E} = {03358E35-CFE0-4912-9CB8-A39700179E3A}
		{EDF93BE5-1D59-4FB5-9B6F-131D7E6A2AEB} = {7EAC52BB-156D-43FF-8D29-117E6DD11FEA}
	EndGlobalSection
	GlobalSection(ExtensibilityGlobals) = postSolution
		SolutionGuid = {455D1C0B-EC50-4391-8AF4-88F725609D48}
	EndGlobalSection
EndGlobal
