Microsoft Visual Studio Solution File, Format Version 12.00
# Visual Studio 15
VisualStudioVersion = 15.0.27130.2036
MinimumVisualStudioVersion = 10.0.40219.1
Project("{9A19103F-16F7-4668-BE54-9A1E7A4F7556}") = "CfpExchange", "CfpExchange\CfpExchange.csproj", "{46D5AA8E-4FA3-4A74-966F-C8352F139941}"
EndProject
Project("{151D2E53-A2C4-4D7D-83FE-D05416EBD58E}") = "Deployment", "Deployment\Deployment.deployproj", "{70A09EDF-300B-4621-A336-0EE0F91FF64D}"
EndProject
Project("{9A19103F-16F7-4668-BE54-9A1E7A4F7556}") = "CfpExchange.Functions", "CfpExchange.Functions\CfpExchange.Functions.csproj", "{47B5CEEB-CE52-475C-9C27-68E7B8BD1CEE}"
EndProject
Project("{9A19103F-16F7-4668-BE54-9A1E7A4F7556}") = "CfpExchange.Models", "CfpExchange.Models\CfpExchange.Models.csproj", "{EB288852-AB0D-405A-903A-B2E1736FE9EB}"
EndProject
Project("{2150E333-8FDC-42A3-9474-1A3956D46DE8}") = "Solution items", "Solution items", "{461CF3AA-7C6A-46E9-BC38-D690C67C0059}"
	ProjectSection(SolutionItems) = preProject
		.editorconfig = .editorconfig
		.gitignore = .gitignore
		README.md = README.md
	EndProjectSection
EndProject
Project("{9A19103F-16F7-4668-BE54-9A1E7A4F7556}") = "CfpExchange.FunctionalTests", "CfpExchange.FunctionalTests\CfpExchange.FunctionalTests.csproj", "{16A3B296-3E87-4AB6-B17C-3CC89AB3F3BE}"
Project("{FAE04EC0-301F-11D3-BF4B-00C04F79EFBC}") = "CfpExchange.UnitTests", "CfpExchange.Unittests\CfpExchange.UnitTests.csproj", "{41677218-A626-4C74-93DE-0463A8B3D57E}"
EndProject
Global
	GlobalSection(SolutionConfigurationPlatforms) = preSolution
		Debug|Any CPU = Debug|Any CPU
		Release|Any CPU = Release|Any CPU
	EndGlobalSection
	GlobalSection(ProjectConfigurationPlatforms) = postSolution
		{46D5AA8E-4FA3-4A74-966F-C8352F139941}.Debug|Any CPU.ActiveCfg = Debug|Any CPU
		{46D5AA8E-4FA3-4A74-966F-C8352F139941}.Debug|Any CPU.Build.0 = Debug|Any CPU
		{46D5AA8E-4FA3-4A74-966F-C8352F139941}.Release|Any CPU.ActiveCfg = Release|Any CPU
		{46D5AA8E-4FA3-4A74-966F-C8352F139941}.Release|Any CPU.Build.0 = Release|Any CPU
		{70A09EDF-300B-4621-A336-0EE0F91FF64D}.Debug|Any CPU.ActiveCfg = Debug|Any CPU
		{70A09EDF-300B-4621-A336-0EE0F91FF64D}.Debug|Any CPU.Build.0 = Debug|Any CPU
		{70A09EDF-300B-4621-A336-0EE0F91FF64D}.Release|Any CPU.ActiveCfg = Release|Any CPU
		{70A09EDF-300B-4621-A336-0EE0F91FF64D}.Release|Any CPU.Build.0 = Release|Any CPU
		{47B5CEEB-CE52-475C-9C27-68E7B8BD1CEE}.Debug|Any CPU.ActiveCfg = Debug|Any CPU
		{47B5CEEB-CE52-475C-9C27-68E7B8BD1CEE}.Debug|Any CPU.Build.0 = Debug|Any CPU
		{47B5CEEB-CE52-475C-9C27-68E7B8BD1CEE}.Release|Any CPU.ActiveCfg = Release|Any CPU
		{47B5CEEB-CE52-475C-9C27-68E7B8BD1CEE}.Release|Any CPU.Build.0 = Release|Any CPU
		{EB288852-AB0D-405A-903A-B2E1736FE9EB}.Debug|Any CPU.ActiveCfg = Debug|Any CPU
		{EB288852-AB0D-405A-903A-B2E1736FE9EB}.Debug|Any CPU.Build.0 = Debug|Any CPU
		{EB288852-AB0D-405A-903A-B2E1736FE9EB}.Release|Any CPU.ActiveCfg = Release|Any CPU
		{EB288852-AB0D-405A-903A-B2E1736FE9EB}.Release|Any CPU.Build.0 = Release|Any CPU
		{16A3B296-3E87-4AB6-B17C-3CC89AB3F3BE}.Debug|Any CPU.ActiveCfg = Debug|Any CPU
		{16A3B296-3E87-4AB6-B17C-3CC89AB3F3BE}.Debug|Any CPU.Build.0 = Debug|Any CPU
		{16A3B296-3E87-4AB6-B17C-3CC89AB3F3BE}.Release|Any CPU.ActiveCfg = Release|Any CPU
		{16A3B296-3E87-4AB6-B17C-3CC89AB3F3BE}.Release|Any CPU.Build.0 = Release|Any CPU
		{41677218-A626-4C74-93DE-0463A8B3D57E}.Debug|Any CPU.ActiveCfg = Debug|Any CPU
		{41677218-A626-4C74-93DE-0463A8B3D57E}.Debug|Any CPU.Build.0 = Debug|Any CPU
		{41677218-A626-4C74-93DE-0463A8B3D57E}.Release|Any CPU.ActiveCfg = Release|Any CPU
		{41677218-A626-4C74-93DE-0463A8B3D57E}.Release|Any CPU.Build.0 = Release|Any CPU
	EndGlobalSection
	GlobalSection(SolutionProperties) = preSolution
		HideSolutionNode = FALSE
	EndGlobalSection
	GlobalSection(ExtensibilityGlobals) = postSolution
		SolutionGuid = {455D1C0B-EC50-4391-8AF4-88F725609D48}
	EndGlobalSection
EndGlobal
